// !$*UTF8*$!
{
	archiveVersion = 1;
	classes = {
	};
	objectVersion = 56;
	objects = {

/* Begin PBXBuildFile section */
		044AF60229598B08007FCB6B /* IOSExpenseTrackerApp.swift in Sources */ = {isa = PBXBuildFile; fileRef = 044AF60129598B08007FCB6B /* IOSExpenseTrackerApp.swift */; };
		044AF60429598B08007FCB6B /* ContentView.swift in Sources */ = {isa = PBXBuildFile; fileRef = 044AF60329598B08007FCB6B /* ContentView.swift */; };
		044AF60629598B09007FCB6B /* Assets.xcassets in Resources */ = {isa = PBXBuildFile; fileRef = 044AF60529598B09007FCB6B /* Assets.xcassets */; };
		044AF60929598B09007FCB6B /* Preview Assets.xcassets in Resources */ = {isa = PBXBuildFile; fileRef = 044AF60829598B09007FCB6B /* Preview Assets.xcassets */; };
		044AF61129598CCD007FCB6B /* Extensions.swift in Sources */ = {isa = PBXBuildFile; fileRef = 044AF61029598CCD007FCB6B /* Extensions.swift */; };
		044AF61329599009007FCB6B /* TransactionModel.swift in Sources */ = {isa = PBXBuildFile; fileRef = 044AF61229599009007FCB6B /* TransactionModel.swift */; };
		044AF6152959915E007FCB6B /* PreviewData.swift in Sources */ = {isa = PBXBuildFile; fileRef = 044AF6142959915E007FCB6B /* PreviewData.swift */; };
		044AF6172959927A007FCB6B /* TransactionRow.swift in Sources */ = {isa = PBXBuildFile; fileRef = 044AF6162959927A007FCB6B /* TransactionRow.swift */; };
		044AF61A2959980C007FCB6B /* SwiftUIFontIcon in Frameworks */ = {isa = PBXBuildFile; productRef = 044AF6192959980C007FCB6B /* SwiftUIFontIcon */; };
		044AF620295999BB007FCB6B /* TransactionListViewModel.swift in Sources */ = {isa = PBXBuildFile; fileRef = 044AF61F295999BB007FCB6B /* TransactionListViewModel.swift */; };
		044AF622295AC569007FCB6B /* RecentTransactionList.swift in Sources */ = {isa = PBXBuildFile; fileRef = 044AF621295AC569007FCB6B /* RecentTransactionList.swift */; };
		044AF624295AD33C007FCB6B /* TransactionList.swift in Sources */ = {isa = PBXBuildFile; fileRef = 044AF623295AD33C007FCB6B /* TransactionList.swift */; };
/* End PBXBuildFile section */

/* Begin PBXFileReference section */
		044AF5FE29598B08007FCB6B /* IOSExpenseTracker.app */ = {isa = PBXFileReference; explicitFileType = wrapper.application; includeInIndex = 0; path = IOSExpenseTracker.app; sourceTree = BUILT_PRODUCTS_DIR; };
		044AF60129598B08007FCB6B /* IOSExpenseTrackerApp.swift */ = {isa = PBXFileReference; lastKnownFileType = sourcecode.swift; path = IOSExpenseTrackerApp.swift; sourceTree = "<group>"; };
		044AF60329598B08007FCB6B /* ContentView.swift */ = {isa = PBXFileReference; lastKnownFileType = sourcecode.swift; path = ContentView.swift; sourceTree = "<group>"; };
		044AF60529598B09007FCB6B /* Assets.xcassets */ = {isa = PBXFileReference; lastKnownFileType = folder.assetcatalog; path = Assets.xcassets; sourceTree = "<group>"; };
		044AF60829598B09007FCB6B /* Preview Assets.xcassets */ = {isa = PBXFileReference; lastKnownFileType = folder.assetcatalog; path = "Preview Assets.xcassets"; sourceTree = "<group>"; };
		044AF61029598CCD007FCB6B /* Extensions.swift */ = {isa = PBXFileReference; lastKnownFileType = sourcecode.swift; path = Extensions.swift; sourceTree = "<group>"; };
		044AF61229599009007FCB6B /* TransactionModel.swift */ = {isa = PBXFileReference; lastKnownFileType = sourcecode.swift; path = TransactionModel.swift; sourceTree = "<group>"; };
		044AF6142959915E007FCB6B /* PreviewData.swift */ = {isa = PBXFileReference; lastKnownFileType = sourcecode.swift; path = PreviewData.swift; sourceTree = "<group>"; };
		044AF6162959927A007FCB6B /* TransactionRow.swift */ = {isa = PBXFileReference; lastKnownFileType = sourcecode.swift; path = TransactionRow.swift; sourceTree = "<group>"; };
		044AF61F295999BB007FCB6B /* TransactionListViewModel.swift */ = {isa = PBXFileReference; lastKnownFileType = sourcecode.swift; path = TransactionListViewModel.swift; sourceTree = "<group>"; };
		044AF621295AC569007FCB6B /* RecentTransactionList.swift */ = {isa = PBXFileReference; lastKnownFileType = sourcecode.swift; path = RecentTransactionList.swift; sourceTree = "<group>"; };
		044AF623295AD33C007FCB6B /* TransactionList.swift */ = {isa = PBXFileReference; lastKnownFileType = sourcecode.swift; path = TransactionList.swift; sourceTree = "<group>"; };
/* End PBXFileReference section */

/* Begin PBXFrameworksBuildPhase section */
		044AF5FB29598B08007FCB6B /* Frameworks */ = {
			isa = PBXFrameworksBuildPhase;
			buildActionMask = 2147483647;
			files = (
				044AF61A2959980C007FCB6B /* SwiftUIFontIcon in Frameworks */,
			);
			runOnlyForDeploymentPostprocessing = 0;
		};
/* End PBXFrameworksBuildPhase section */

/* Begin PBXGroup section */
		044AF5F529598B07007FCB6B = {
			isa = PBXGroup;
			children = (
				044AF60029598B08007FCB6B /* IOSExpenseTracker */,
				044AF5FF29598B08007FCB6B /* Products */,
			);
			sourceTree = "<group>";
		};
		044AF5FF29598B08007FCB6B /* Products */ = {
			isa = PBXGroup;
			children = (
				044AF5FE29598B08007FCB6B /* IOSExpenseTracker.app */,
			);
			name = Products;
			sourceTree = "<group>";
		};
		044AF60029598B08007FCB6B /* IOSExpenseTracker */ = {
			isa = PBXGroup;
			children = (
				044AF61E29599938007FCB6B /* Extensions */,
				044AF61C295998CB007FCB6B /* Models */,
				044AF61D295998D6007FCB6B /* ViewModels */,
				044AF61B295998BD007FCB6B /* Views */,
				044AF60129598B08007FCB6B /* IOSExpenseTrackerApp.swift */,
				044AF60529598B09007FCB6B /* Assets.xcassets */,
				044AF60729598B09007FCB6B /* Preview Content */,
			);
			path = IOSExpenseTracker;
			sourceTree = "<group>";
		};
		044AF60729598B09007FCB6B /* Preview Content */ = {
			isa = PBXGroup;
			children = (
				044AF60829598B09007FCB6B /* Preview Assets.xcassets */,
				044AF6142959915E007FCB6B /* PreviewData.swift */,
			);
			path = "Preview Content";
			sourceTree = "<group>";
		};
		044AF61B295998BD007FCB6B /* Views */ = {
			isa = PBXGroup;
			children = (
				044AF60329598B08007FCB6B /* ContentView.swift */,
				044AF621295AC569007FCB6B /* RecentTransactionList.swift */,
				044AF6162959927A007FCB6B /* TransactionRow.swift */,
				044AF623295AD33C007FCB6B /* TransactionList.swift */,
			);
			path = Views;
			sourceTree = "<group>";
		};
		044AF61C295998CB007FCB6B /* Models */ = {
			isa = PBXGroup;
			children = (
				044AF61229599009007FCB6B /* TransactionModel.swift */,
			);
			path = Models;
			sourceTree = "<group>";
		};
		044AF61D295998D6007FCB6B /* ViewModels */ = {
			isa = PBXGroup;
			children = (
				044AF61F295999BB007FCB6B /* TransactionListViewModel.swift */,
			);
			path = ViewModels;
			sourceTree = "<group>";
		};
		044AF61E29599938007FCB6B /* Extensions */ = {
			isa = PBXGroup;
			children = (
				044AF61029598CCD007FCB6B /* Extensions.swift */,
			);
			path = Extensions;
			sourceTree = "<group>";
		};
/* End PBXGroup section */

/* Begin PBXNativeTarget section */
		044AF5FD29598B08007FCB6B /* IOSExpenseTracker */ = {
			isa = PBXNativeTarget;
			buildConfigurationList = 044AF60C29598B09007FCB6B /* Build configuration list for PBXNativeTarget "IOSExpenseTracker" */;
			buildPhases = (
				044AF5FA29598B08007FCB6B /* Sources */,
				044AF5FB29598B08007FCB6B /* Frameworks */,
				044AF5FC29598B08007FCB6B /* Resources */,
			);
			buildRules = (
			);
			dependencies = (
			);
			name = IOSExpenseTracker;
			packageProductDependencies = (
				044AF6192959980C007FCB6B /* SwiftUIFontIcon */,
			);
			productName = IOSExpenseTracker;
			productReference = 044AF5FE29598B08007FCB6B /* IOSExpenseTracker.app */;
			productType = "com.apple.product-type.application";
		};
/* End PBXNativeTarget section */

/* Begin PBXProject section */
		044AF5F629598B08007FCB6B /* Project object */ = {
			isa = PBXProject;
			attributes = {
				BuildIndependentTargetsInParallel = 1;
				LastSwiftUpdateCheck = 1410;
				LastUpgradeCheck = 1410;
				TargetAttributes = {
					044AF5FD29598B08007FCB6B = {
						CreatedOnToolsVersion = 14.1;
					};
				};
			};
			buildConfigurationList = 044AF5F929598B08007FCB6B /* Build configuration list for PBXProject "IOSExpenseTracker" */;
			compatibilityVersion = "Xcode 14.0";
			developmentRegion = en;
			hasScannedForEncodings = 0;
			knownRegions = (
				en,
				Base,
			);
			mainGroup = 044AF5F529598B07007FCB6B;
			packageReferences = (
				044AF6182959980C007FCB6B /* XCRemoteSwiftPackageReference "SwiftUIFontIcon" */,
			);
			productRefGroup = 044AF5FF29598B08007FCB6B /* Products */;
			projectDirPath = "";
			projectRoot = "";
			targets = (
				044AF5FD29598B08007FCB6B /* IOSExpenseTracker */,
			);
		};
/* End PBXProject section */

/* Begin PBXResourcesBuildPhase section */
		044AF5FC29598B08007FCB6B /* Resources */ = {
			isa = PBXResourcesBuildPhase;
			buildActionMask = 2147483647;
			files = (
				044AF60929598B09007FCB6B /* Preview Assets.xcassets in Resources */,
				044AF60629598B09007FCB6B /* Assets.xcassets in Resources */,
			);
			runOnlyForDeploymentPostprocessing = 0;
		};
/* End PBXResourcesBuildPhase section */

/* Begin PBXSourcesBuildPhase section */
		044AF5FA29598B08007FCB6B /* Sources */ = {
			isa = PBXSourcesBuildPhase;
			buildActionMask = 2147483647;
			files = (
				044AF6152959915E007FCB6B /* PreviewData.swift in Sources */,
				044AF624295AD33C007FCB6B /* TransactionList.swift in Sources */,
				044AF622295AC569007FCB6B /* RecentTransactionList.swift in Sources */,
				044AF61329599009007FCB6B /* TransactionModel.swift in Sources */,
				044AF60429598B08007FCB6B /* ContentView.swift in Sources */,
				044AF6172959927A007FCB6B /* TransactionRow.swift in Sources */,
				044AF61129598CCD007FCB6B /* Extensions.swift in Sources */,
				044AF620295999BB007FCB6B /* TransactionListViewModel.swift in Sources */,
				044AF60229598B08007FCB6B /* IOSExpenseTrackerApp.swift in Sources */,
			);
			runOnlyForDeploymentPostprocessing = 0;
		};
/* End PBXSourcesBuildPhase section */

/* Begin XCBuildConfiguration section */
		044AF60A29598B09007FCB6B /* Debug */ = {
			isa = XCBuildConfiguration;
			buildSettings = {
				ALWAYS_SEARCH_USER_PATHS = NO;
				CLANG_ANALYZER_NONNULL = YES;
				CLANG_ANALYZER_NUMBER_OBJECT_CONVERSION = YES_AGGRESSIVE;
				CLANG_CXX_LANGUAGE_STANDARD = "gnu++20";
				CLANG_ENABLE_MODULES = YES;
				CLANG_ENABLE_OBJC_ARC = YES;
				CLANG_ENABLE_OBJC_WEAK = YES;
				CLANG_WARN_BLOCK_CAPTURE_AUTORELEASING = YES;
				CLANG_WARN_BOOL_CONVERSION = YES;
				CLANG_WARN_COMMA = YES;
				CLANG_WARN_CONSTANT_CONVERSION = YES;
				CLANG_WARN_DEPRECATED_OBJC_IMPLEMENTATIONS = YES;
				CLANG_WARN_DIRECT_OBJC_ISA_USAGE = YES_ERROR;
				CLANG_WARN_DOCUMENTATION_COMMENTS = YES;
				CLANG_WARN_EMPTY_BODY = YES;
				CLANG_WARN_ENUM_CONVERSION = YES;
				CLANG_WARN_INFINITE_RECURSION = YES;
				CLANG_WARN_INT_CONVERSION = YES;
				CLANG_WARN_NON_LITERAL_NULL_CONVERSION = YES;
				CLANG_WARN_OBJC_IMPLICIT_RETAIN_SELF = YES;
				CLANG_WARN_OBJC_LITERAL_CONVERSION = YES;
				CLANG_WARN_OBJC_ROOT_CLASS = YES_ERROR;
				CLANG_WARN_QUOTED_INCLUDE_IN_FRAMEWORK_HEADER = YES;
				CLANG_WARN_RANGE_LOOP_ANALYSIS = YES;
				CLANG_WARN_STRICT_PROTOTYPES = YES;
				CLANG_WARN_SUSPICIOUS_MOVE = YES;
				CLANG_WARN_UNGUARDED_AVAILABILITY = YES_AGGRESSIVE;
				CLANG_WARN_UNREACHABLE_CODE = YES;
				CLANG_WARN__DUPLICATE_METHOD_MATCH = YES;
				COPY_PHASE_STRIP = NO;
				DEBUG_INFORMATION_FORMAT = dwarf;
				ENABLE_STRICT_OBJC_MSGSEND = YES;
				ENABLE_TESTABILITY = YES;
				GCC_C_LANGUAGE_STANDARD = gnu11;
				GCC_DYNAMIC_NO_PIC = NO;
				GCC_NO_COMMON_BLOCKS = YES;
				GCC_OPTIMIZATION_LEVEL = 0;
				GCC_PREPROCESSOR_DEFINITIONS = (
					"DEBUG=1",
					"$(inherited)",
				);
				GCC_WARN_64_TO_32_BIT_CONVERSION = YES;
				GCC_WARN_ABOUT_RETURN_TYPE = YES_ERROR;
				GCC_WARN_UNDECLARED_SELECTOR = YES;
				GCC_WARN_UNINITIALIZED_AUTOS = YES_AGGRESSIVE;
				GCC_WARN_UNUSED_FUNCTION = YES;
				GCC_WARN_UNUSED_VARIABLE = YES;
				IPHONEOS_DEPLOYMENT_TARGET = 16.1;
				MTL_ENABLE_DEBUG_INFO = INCLUDE_SOURCE;
				MTL_FAST_MATH = YES;
				ONLY_ACTIVE_ARCH = YES;
				SDKROOT = iphoneos;
				SWIFT_ACTIVE_COMPILATION_CONDITIONS = DEBUG;
				SWIFT_OPTIMIZATION_LEVEL = "-Onone";
			};
			name = Debug;
		};
		044AF60B29598B09007FCB6B /* Release */ = {
			isa = XCBuildConfiguration;
			buildSettings = {
				ALWAYS_SEARCH_USER_PATHS = NO;
				CLANG_ANALYZER_NONNULL = YES;
				CLANG_ANALYZER_NUMBER_OBJECT_CONVERSION = YES_AGGRESSIVE;
				CLANG_CXX_LANGUAGE_STANDARD = "gnu++20";
				CLANG_ENABLE_MODULES = YES;
				CLANG_ENABLE_OBJC_ARC = YES;
				CLANG_ENABLE_OBJC_WEAK = YES;
				CLANG_WARN_BLOCK_CAPTURE_AUTORELEASING = YES;
				CLANG_WARN_BOOL_CONVERSION = YES;
				CLANG_WARN_COMMA = YES;
				CLANG_WARN_CONSTANT_CONVERSION = YES;
				CLANG_WARN_DEPRECATED_OBJC_IMPLEMENTATIONS = YES;
				CLANG_WARN_DIRECT_OBJC_ISA_USAGE = YES_ERROR;
				CLANG_WARN_DOCUMENTATION_COMMENTS = YES;
				CLANG_WARN_EMPTY_BODY = YES;
				CLANG_WARN_ENUM_CONVERSION = YES;
				CLANG_WARN_INFINITE_RECURSION = YES;
				CLANG_WARN_INT_CONVERSION = YES;
				CLANG_WARN_NON_LITERAL_NULL_CONVERSION = YES;
				CLANG_WARN_OBJC_IMPLICIT_RETAIN_SELF = YES;
				CLANG_WARN_OBJC_LITERAL_CONVERSION = YES;
				CLANG_WARN_OBJC_ROOT_CLASS = YES_ERROR;
				CLANG_WARN_QUOTED_INCLUDE_IN_FRAMEWORK_HEADER = YES;
				CLANG_WARN_RANGE_LOOP_ANALYSIS = YES;
				CLANG_WARN_STRICT_PROTOTYPES = YES;
				CLANG_WARN_SUSPICIOUS_MOVE = YES;
				CLANG_WARN_UNGUARDED_AVAILABILITY = YES_AGGRESSIVE;
				CLANG_WARN_UNREACHABLE_CODE = YES;
				CLANG_WARN__DUPLICATE_METHOD_MATCH = YES;
				COPY_PHASE_STRIP = NO;
				DEBUG_INFORMATION_FORMAT = "dwarf-with-dsym";
				ENABLE_NS_ASSERTIONS = NO;
				ENABLE_STRICT_OBJC_MSGSEND = YES;
				GCC_C_LANGUAGE_STANDARD = gnu11;
				GCC_NO_COMMON_BLOCKS = YES;
				GCC_WARN_64_TO_32_BIT_CONVERSION = YES;
				GCC_WARN_ABOUT_RETURN_TYPE = YES_ERROR;
				GCC_WARN_UNDECLARED_SELECTOR = YES;
				GCC_WARN_UNINITIALIZED_AUTOS = YES_AGGRESSIVE;
				GCC_WARN_UNUSED_FUNCTION = YES;
				GCC_WARN_UNUSED_VARIABLE = YES;
				IPHONEOS_DEPLOYMENT_TARGET = 16.1;
				MTL_ENABLE_DEBUG_INFO = NO;
				MTL_FAST_MATH = YES;
				SDKROOT = iphoneos;
				SWIFT_COMPILATION_MODE = wholemodule;
				SWIFT_OPTIMIZATION_LEVEL = "-O";
				VALIDATE_PRODUCT = YES;
			};
			name = Release;
		};
		044AF60D29598B09007FCB6B /* Debug */ = {
			isa = XCBuildConfiguration;
			buildSettings = {
				ASSETCATALOG_COMPILER_APPICON_NAME = AppIcon;
				ASSETCATALOG_COMPILER_GLOBAL_ACCENT_COLOR_NAME = AccentColor;
				CODE_SIGN_STYLE = Automatic;
				CURRENT_PROJECT_VERSION = 1;
				DEVELOPMENT_ASSET_PATHS = "\"IOSExpenseTracker/Preview Content\"";
				DEVELOPMENT_TEAM = Z2K7G5MR42;
				ENABLE_PREVIEWS = YES;
				GENERATE_INFOPLIST_FILE = YES;
				INFOPLIST_KEY_UIApplicationSceneManifest_Generation = YES;
				INFOPLIST_KEY_UIApplicationSupportsIndirectInputEvents = YES;
				INFOPLIST_KEY_UILaunchScreen_Generation = YES;
				INFOPLIST_KEY_UISupportedInterfaceOrientations_iPad = "UIInterfaceOrientationPortrait UIInterfaceOrientationPortraitUpsideDown UIInterfaceOrientationLandscapeLeft UIInterfaceOrientationLandscapeRight";
				INFOPLIST_KEY_UISupportedInterfaceOrientations_iPhone = "UIInterfaceOrientationPortrait UIInterfaceOrientationLandscapeLeft UIInterfaceOrientationLandscapeRight";
				LD_RUNPATH_SEARCH_PATHS = (
					"$(inherited)",
					"@executable_path/Frameworks",
				);
				MARKETING_VERSION = 1.0;
				PRODUCT_BUNDLE_IDENTIFIER = com.crushtech.IOSExpenseTracker;
				PRODUCT_NAME = "$(TARGET_NAME)";
				SWIFT_EMIT_LOC_STRINGS = YES;
				SWIFT_VERSION = 5.0;
				TARGETED_DEVICE_FAMILY = "1,2";
			};
			name = Debug;
		};
		044AF60E29598B09007FCB6B /* Release */ = {
			isa = XCBuildConfiguration;
			buildSettings = {
				ASSETCATALOG_COMPILER_APPICON_NAME = AppIcon;
				ASSETCATALOG_COMPILER_GLOBAL_ACCENT_COLOR_NAME = AccentColor;
				CODE_SIGN_STYLE = Automatic;
				CURRENT_PROJECT_VERSION = 1;
				DEVELOPMENT_ASSET_PATHS = "\"IOSExpenseTracker/Preview Content\"";
				DEVELOPMENT_TEAM = Z2K7G5MR42;
				ENABLE_PREVIEWS = YES;
				GENERATE_INFOPLIST_FILE = YES;
				INFOPLIST_KEY_UIApplicationSceneManifest_Generation = YES;
				INFOPLIST_KEY_UIApplicationSupportsIndirectInputEvents = YES;
				INFOPLIST_KEY_UILaunchScreen_Generation = YES;
				INFOPLIST_KEY_UISupportedInterfaceOrientations_iPad = "UIInterfaceOrientationPortrait UIInterfaceOrientationPortraitUpsideDown UIInterfaceOrientationLandscapeLeft UIInterfaceOrientationLandscapeRight";
				INFOPLIST_KEY_UISupportedInterfaceOrientations_iPhone = "UIInterfaceOrientationPortrait UIInterfaceOrientationLandscapeLeft UIInterfaceOrientationLandscapeRight";
				LD_RUNPATH_SEARCH_PATHS = (
					"$(inherited)",
					"@executable_path/Frameworks",
				);
				MARKETING_VERSION = 1.0;
				PRODUCT_BUNDLE_IDENTIFIER = com.crushtech.IOSExpenseTracker;
				PRODUCT_NAME = "$(TARGET_NAME)";
				SWIFT_EMIT_LOC_STRINGS = YES;
				SWIFT_VERSION = 5.0;
				TARGETED_DEVICE_FAMILY = "1,2";
			};
			name = Release;
		};
/* End XCBuildConfiguration section */

/* Begin XCConfigurationList section */
		044AF5F929598B08007FCB6B /* Build configuration list for PBXProject "IOSExpenseTracker" */ = {
			isa = XCConfigurationList;
			buildConfigurations = (
				044AF60A29598B09007FCB6B /* Debug */,
				044AF60B29598B09007FCB6B /* Release */,
			);
			defaultConfigurationIsVisible = 0;
			defaultConfigurationName = Release;
		};
		044AF60C29598B09007FCB6B /* Build configuration list for PBXNativeTarget "IOSExpenseTracker" */ = {
			isa = XCConfigurationList;
			buildConfigurations = (
				044AF60D29598B09007FCB6B /* Debug */,
				044AF60E29598B09007FCB6B /* Release */,
			);
			defaultConfigurationIsVisible = 0;
			defaultConfigurationName = Release;
		};
/* End XCConfigurationList section */

/* Begin XCRemoteSwiftPackageReference section */
		044AF6182959980C007FCB6B /* XCRemoteSwiftPackageReference "SwiftUIFontIcon" */ = {
			isa = XCRemoteSwiftPackageReference;
			repositoryURL = "https://github.com/huybuidac/SwiftUIFontIcon.git";
			requirement = {
				branch = master;
				kind = branch;
			};
		};
/* End XCRemoteSwiftPackageReference section */

/* Begin XCSwiftPackageProductDependency section */
		044AF6192959980C007FCB6B /* SwiftUIFontIcon */ = {
			isa = XCSwiftPackageProductDependency;
			package = 044AF6182959980C007FCB6B /* XCRemoteSwiftPackageReference "SwiftUIFontIcon" */;
			productName = SwiftUIFontIcon;
		};
/* End XCSwiftPackageProductDependency section */
	};
	rootObject = 044AF5F629598B08007FCB6B /* Project object */;
}
